
Microsoft Visual Studio Solution File, Format Version 12.00
# Visual Studio Version 17
VisualStudioVersion = 17.11.35327.3
MinimumVisualStudioVersion = 10.0.40219.1
Project("{FAE04EC0-301F-11D3-BF4B-00C04F79EFBC}") = "ey-techical-test", "ey-techical-test.csproj", "{82414354-ECD8-45B3-9589-1228F8AC4195}"
EndProject
Global
	GlobalSection(SolutionConfigurationPlatforms) = preSolution
		Debug|Any CPU = Debug|Any CPU
		Release|Any CPU = Release|Any CPU
	EndGlobalSection
	GlobalSection(ProjectConfigurationPlatforms) = postSolution
		{82414354-ECD8-45B3-9589-1228F8AC4195}.Debug|Any CPU.ActiveCfg = Debug|Any CPU
		{82414354-ECD8-45B3-9589-1228F8AC4195}.Debug|Any CPU.Build.0 = Debug|Any CPU
		{82414354-ECD8-45B3-9589-1228F8AC4195}.Release|Any CPU.ActiveCfg = Release|Any CPU
		{82414354-ECD8-45B3-9589-1228F8AC4195}.Release|Any CPU.Build.0 = Release|Any CPU
	EndGlobalSection
	GlobalSection(SolutionProperties) = preSolution
		HideSolutionNode = FALSE
	EndGlobalSection
	GlobalSection(ExtensibilityGlobals) = postSolution
		SolutionGuid = {086E0468-F277-4B31-8EAB-4CEA14E7CD71}
	EndGlobalSection
EndGlobal
